
Microsoft Visual Studio Solution File, Format Version 12.00
# Visual Studio 15
VisualStudioVersion = 15.0.27004.2008
MinimumVisualStudioVersion = 10.0.40219.1
Project("{FAE04EC0-301F-11D3-BF4B-00C04F79EFBC}") = "PointOfSaleTerminal", "PointOfSaleTerminal\PointOfSaleTerminal.csproj", "{5ED0C315-487C-4FC6-8E4E-0BB3A0359347}"
EndProject
Project("{FAE04EC0-301F-11D3-BF4B-00C04F79EFBC}") = "PointOfSaleTerminalTest", "PointOfSaleTerminalTest\PointOfSaleTerminalTest.csproj", "{CD993573-0894-4506-85A5-3A75BFFFA522}"
EndProject
Project("{FAE04EC0-301F-11D3-BF4B-00C04F79EFBC}") = "Seller", "Seller\Seller.csproj", "{C74151AA-475A-4007-B4F2-94E1B549EF72}"
EndProject
Global
	GlobalSection(SolutionConfigurationPlatforms) = preSolution
		Debug|Any CPU = Debug|Any CPU
		Release|Any CPU = Release|Any CPU
	EndGlobalSection
	GlobalSection(ProjectConfigurationPlatforms) = postSolution
		{5ED0C315-487C-4FC6-8E4E-0BB3A0359347}.Debug|Any CPU.ActiveCfg = Debug|Any CPU
		{5ED0C315-487C-4FC6-8E4E-0BB3A0359347}.Debug|Any CPU.Build.0 = Debug|Any CPU
		{5ED0C315-487C-4FC6-8E4E-0BB3A0359347}.Release|Any CPU.ActiveCfg = Release|Any CPU
		{5ED0C315-487C-4FC6-8E4E-0BB3A0359347}.Release|Any CPU.Build.0 = Release|Any CPU
		{CD993573-0894-4506-85A5-3A75BFFFA522}.Debug|Any CPU.ActiveCfg = Debug|Any CPU
		{CD993573-0894-4506-85A5-3A75BFFFA522}.Debug|Any CPU.Build.0 = Debug|Any CPU
		{CD993573-0894-4506-85A5-3A75BFFFA522}.Release|Any CPU.ActiveCfg = Release|Any CPU
		{CD993573-0894-4506-85A5-3A75BFFFA522}.Release|Any CPU.Build.0 = Release|Any CPU
		{C74151AA-475A-4007-B4F2-94E1B549EF72}.Debug|Any CPU.ActiveCfg = Debug|Any CPU
		{C74151AA-475A-4007-B4F2-94E1B549EF72}.Debug|Any CPU.Build.0 = Debug|Any CPU
		{C74151AA-475A-4007-B4F2-94E1B549EF72}.Release|Any CPU.ActiveCfg = Release|Any CPU
		{C74151AA-475A-4007-B4F2-94E1B549EF72}.Release|Any CPU.Build.0 = Release|Any CPU
	EndGlobalSection
	GlobalSection(SolutionProperties) = preSolution
		HideSolutionNode = FALSE
	EndGlobalSection
	GlobalSection(ExtensibilityGlobals) = postSolution
		SolutionGuid = {ECA5223C-AF90-4F89-B5EC-E0E769CE7DC3}
	EndGlobalSection
EndGlobal
